// !$*UTF8*$!
{
	archiveVersion = 1;
	classes = {
	};
	objectVersion = 56;
	objects = {

/* Begin PBXBuildFile section */
		654CEEE329CC9CBF0081392A /* Infoplist.xcconfig in Resources */ = {isa = PBXBuildFile; fileRef = 654CEEE229CC9CBF0081392A /* Infoplist.xcconfig */; };
		6571DB3929CC96FC00CB6BB9 /* xXxprojectxXxApp.swift in Sources */ = {isa = PBXBuildFile; fileRef = 6571DB3829CC96FC00CB6BB9 /* xXxprojectxXxApp.swift */; };
		6571DB3B29CC96FC00CB6BB9 /* ContentView.swift in Sources */ = {isa = PBXBuildFile; fileRef = 6571DB3A29CC96FC00CB6BB9 /* ContentView.swift */; };
		6571DB3D29CC96FD00CB6BB9 /* Assets.xcassets in Resources */ = {isa = PBXBuildFile; fileRef = 6571DB3C29CC96FD00CB6BB9 /* Assets.xcassets */; };
		6571DB4129CC96FD00CB6BB9 /* Preview Assets.xcassets in Resources */ = {isa = PBXBuildFile; fileRef = 6571DB4029CC96FD00CB6BB9 /* Preview Assets.xcassets */; };
/* End PBXBuildFile section */

/* Begin PBXFileReference section */
		654CEEB029CC9A680081392A /* generate-version.sh */ = {isa = PBXFileReference; lastKnownFileType = text.script.sh; path = "generate-version.sh"; sourceTree = "<group>"; };
		654CEEB229CC9A680081392A /* SPM Package Description.xcconfig */ = {isa = PBXFileReference; lastKnownFileType = text.xcconfig; path = "SPM Package Description.xcconfig"; sourceTree = "<group>"; };
		654CEEB429CC9A680081392A /* macOS.xcconfig */ = {isa = PBXFileReference; lastKnownFileType = text.xcconfig; path = macOS.xcconfig; sourceTree = "<group>"; };
		654CEEB529CC9A680081392A /* macOS Command Line Tool.xcconfig */ = {isa = PBXFileReference; lastKnownFileType = text.xcconfig; path = "macOS Command Line Tool.xcconfig"; sourceTree = "<group>"; };
		654CEEB629CC9A680081392A /* macOS UI Tests.xcconfig */ = {isa = PBXFileReference; lastKnownFileType = text.xcconfig; path = "macOS UI Tests.xcconfig"; sourceTree = "<group>"; };
		654CEEB729CC9A680081392A /* macOS Static Library.xcconfig */ = {isa = PBXFileReference; lastKnownFileType = text.xcconfig; path = "macOS Static Library.xcconfig"; sourceTree = "<group>"; };
		654CEEB829CC9A680081392A /* macOS Application.xcconfig */ = {isa = PBXFileReference; lastKnownFileType = text.xcconfig; path = "macOS Application.xcconfig"; sourceTree = "<group>"; };
		654CEEB929CC9A680081392A /* macOS Tests.xcconfig */ = {isa = PBXFileReference; lastKnownFileType = text.xcconfig; path = "macOS Tests.xcconfig"; sourceTree = "<group>"; };
		654CEEBA29CC9A680081392A /* macOS Framework.xcconfig */ = {isa = PBXFileReference; lastKnownFileType = text.xcconfig; path = "macOS Framework.xcconfig"; sourceTree = "<group>"; };
		654CEEBB29CC9A680081392A /* macOS Extension.xcconfig */ = {isa = PBXFileReference; lastKnownFileType = text.xcconfig; path = "macOS Extension.xcconfig"; sourceTree = "<group>"; };
		654CEEBD29CC9A680081392A /* watchOS Extension.xcconfig */ = {isa = PBXFileReference; lastKnownFileType = text.xcconfig; path = "watchOS Extension.xcconfig"; sourceTree = "<group>"; };
		654CEEBE29CC9A680081392A /* watchOS Application.xcconfig */ = {isa = PBXFileReference; lastKnownFileType = text.xcconfig; path = "watchOS Application.xcconfig"; sourceTree = "<group>"; };
		654CEEBF29CC9A680081392A /* watchOS Framework.xcconfig */ = {isa = PBXFileReference; lastKnownFileType = text.xcconfig; path = "watchOS Framework.xcconfig"; sourceTree = "<group>"; };
		654CEEC029CC9A680081392A /* watchOS.xcconfig */ = {isa = PBXFileReference; lastKnownFileType = text.xcconfig; path = watchOS.xcconfig; sourceTree = "<group>"; };
		654CEEC129CC9A680081392A /* Debug.xcconfig */ = {isa = PBXFileReference; lastKnownFileType = text.xcconfig; path = Debug.xcconfig; sourceTree = "<group>"; };
		654CEEC229CC9A680081392A /* Release.xcconfig */ = {isa = PBXFileReference; lastKnownFileType = text.xcconfig; path = Release.xcconfig; sourceTree = "<group>"; };
		654CEEC429CC9A680081392A /* Shared Tests.xcconfig */ = {isa = PBXFileReference; lastKnownFileType = text.xcconfig; path = "Shared Tests.xcconfig"; sourceTree = "<group>"; };
		654CEEC529CC9A680081392A /* Shared Static Library.xcconfig */ = {isa = PBXFileReference; lastKnownFileType = text.xcconfig; path = "Shared Static Library.xcconfig"; sourceTree = "<group>"; };
		654CEEC629CC9A680081392A /* Shared.xcconfig */ = {isa = PBXFileReference; lastKnownFileType = text.xcconfig; path = Shared.xcconfig; sourceTree = "<group>"; };
		654CEEC729CC9A680081392A /* Shared Tests.plist */ = {isa = PBXFileReference; lastKnownFileType = text.plist.xml; path = "Shared Tests.plist"; sourceTree = "<group>"; };
		654CEEC829CC9A680081392A /* Shared Framework.xcconfig */ = {isa = PBXFileReference; lastKnownFileType = text.xcconfig; path = "Shared Framework.xcconfig"; sourceTree = "<group>"; };
		654CEEC929CC9A680081392A /* Shared Application.xcconfig */ = {isa = PBXFileReference; lastKnownFileType = text.xcconfig; path = "Shared Application.xcconfig"; sourceTree = "<group>"; };
		654CEECA29CC9A680081392A /* Shared Framework.plist */ = {isa = PBXFileReference; lastKnownFileType = text.plist.xml; path = "Shared Framework.plist"; sourceTree = "<group>"; };
		654CEECB29CC9A680081392A /* Shared UI Tests.xcconfig */ = {isa = PBXFileReference; lastKnownFileType = text.xcconfig; path = "Shared UI Tests.xcconfig"; sourceTree = "<group>"; };
		654CEECC29CC9A680081392A /* Shared Extension.xcconfig */ = {isa = PBXFileReference; lastKnownFileType = text.xcconfig; path = "Shared Extension.xcconfig"; sourceTree = "<group>"; };
		654CEECE29CC9A680081392A /* iOS UI Tests.xcconfig */ = {isa = PBXFileReference; lastKnownFileType = text.xcconfig; path = "iOS UI Tests.xcconfig"; sourceTree = "<group>"; };
		654CEECF29CC9A680081392A /* iOS Static Library.xcconfig */ = {isa = PBXFileReference; lastKnownFileType = text.xcconfig; path = "iOS Static Library.xcconfig"; sourceTree = "<group>"; };
		654CEED029CC9A680081392A /* iOS Extension.xcconfig */ = {isa = PBXFileReference; lastKnownFileType = text.xcconfig; path = "iOS Extension.xcconfig"; sourceTree = "<group>"; };
		654CEED129CC9A680081392A /* iOS Application.xcconfig */ = {isa = PBXFileReference; lastKnownFileType = text.xcconfig; path = "iOS Application.xcconfig"; sourceTree = "<group>"; };
		654CEED229CC9A680081392A /* iOS Tests.xcconfig */ = {isa = PBXFileReference; lastKnownFileType = text.xcconfig; path = "iOS Tests.xcconfig"; sourceTree = "<group>"; };
		654CEED329CC9A680081392A /* iOS.xcconfig */ = {isa = PBXFileReference; lastKnownFileType = text.xcconfig; path = iOS.xcconfig; sourceTree = "<group>"; };
		654CEED429CC9A680081392A /* iOS Application.plist */ = {isa = PBXFileReference; lastKnownFileType = text.plist.xml; path = "iOS Application.plist"; sourceTree = "<group>"; };
		654CEED529CC9A680081392A /* iOS Framework.xcconfig */ = {isa = PBXFileReference; lastKnownFileType = text.xcconfig; path = "iOS Framework.xcconfig"; sourceTree = "<group>"; };
		654CEED629CC9A680081392A /* iOS Bundle.xcconfig */ = {isa = PBXFileReference; lastKnownFileType = text.xcconfig; path = "iOS Bundle.xcconfig"; sourceTree = "<group>"; };
		654CEED729CC9A680081392A /* .gitignore */ = {isa = PBXFileReference; lastKnownFileType = text; path = .gitignore; sourceTree = "<group>"; };
		654CEED929CC9A680081392A /* tvOS Application.xcconfig */ = {isa = PBXFileReference; lastKnownFileType = text.xcconfig; path = "tvOS Application.xcconfig"; sourceTree = "<group>"; };
		654CEEDA29CC9A680081392A /* tvOS Framework.xcconfig */ = {isa = PBXFileReference; lastKnownFileType = text.xcconfig; path = "tvOS Framework.xcconfig"; sourceTree = "<group>"; };
		654CEEDB29CC9A680081392A /* tvOS.xcconfig */ = {isa = PBXFileReference; lastKnownFileType = text.xcconfig; path = tvOS.xcconfig; sourceTree = "<group>"; };
		654CEEDC29CC9A680081392A /* tvOS Extension.xcconfig */ = {isa = PBXFileReference; lastKnownFileType = text.xcconfig; path = "tvOS Extension.xcconfig"; sourceTree = "<group>"; };
		654CEEDD29CC9A680081392A /* tvOS UI Tests.xcconfig */ = {isa = PBXFileReference; lastKnownFileType = text.xcconfig; path = "tvOS UI Tests.xcconfig"; sourceTree = "<group>"; };
		654CEEDE29CC9A680081392A /* tvOS Tests.xcconfig */ = {isa = PBXFileReference; lastKnownFileType = text.xcconfig; path = "tvOS Tests.xcconfig"; sourceTree = "<group>"; };
		654CEEE029CC9A680081392A /* Multiplatform.xcconfig */ = {isa = PBXFileReference; lastKnownFileType = text.xcconfig; path = Multiplatform.xcconfig; sourceTree = "<group>"; };
		654CEEE129CC9A680081392A /* Multiplatform Application.xcconfig */ = {isa = PBXFileReference; lastKnownFileType = text.xcconfig; path = "Multiplatform Application.xcconfig"; sourceTree = "<group>"; };
		654CEEE229CC9CBF0081392A /* Infoplist.xcconfig */ = {isa = PBXFileReference; fileEncoding = 4; lastKnownFileType = text.xcconfig; path = Infoplist.xcconfig; sourceTree = "<group>"; };
		6571DB3529CC96FC00CB6BB9 /* xXxprojectxXx.app */ = {isa = PBXFileReference; explicitFileType = wrapper.application; includeInIndex = 0; path = xXxprojectxXx.app; sourceTree = BUILT_PRODUCTS_DIR; };
		6571DB3829CC96FC00CB6BB9 /* xXxprojectxXxApp.swift */ = {isa = PBXFileReference; lastKnownFileType = sourcecode.swift; path = xXxprojectxXxApp.swift; sourceTree = "<group>"; };
		6571DB3A29CC96FC00CB6BB9 /* ContentView.swift */ = {isa = PBXFileReference; lastKnownFileType = sourcecode.swift; path = ContentView.swift; sourceTree = "<group>"; };
		6571DB3C29CC96FD00CB6BB9 /* Assets.xcassets */ = {isa = PBXFileReference; lastKnownFileType = folder.assetcatalog; path = Assets.xcassets; sourceTree = "<group>"; };
		6571DB3E29CC96FD00CB6BB9 /* xXxprojectxXx.entitlements */ = {isa = PBXFileReference; lastKnownFileType = text.plist.entitlements; path = xXxprojectxXx.entitlements; sourceTree = "<group>"; };
		6571DB4029CC96FD00CB6BB9 /* Preview Assets.xcassets */ = {isa = PBXFileReference; lastKnownFileType = folder.assetcatalog; path = "Preview Assets.xcassets"; sourceTree = "<group>"; };
/* End PBXFileReference section */

/* Begin PBXFrameworksBuildPhase section */
		6571DB3229CC96FC00CB6BB9 /* Frameworks */ = {
			isa = PBXFrameworksBuildPhase;
			buildActionMask = 2147483647;
			files = (
			);
			runOnlyForDeploymentPostprocessing = 0;
		};
/* End PBXFrameworksBuildPhase section */

/* Begin PBXGroup section */
		654CEEAF29CC9A680081392A /* Configurations */ = {
			isa = PBXGroup;
			children = (
				654CEEB029CC9A680081392A /* generate-version.sh */,
				654CEEB129CC9A680081392A /* SPM */,
				654CEEB329CC9A680081392A /* macOS */,
				654CEEBC29CC9A680081392A /* watchOS */,
				654CEEC129CC9A680081392A /* Debug.xcconfig */,
				654CEEC229CC9A680081392A /* Release.xcconfig */,
				654CEEC329CC9A680081392A /* Shared */,
				654CEECD29CC9A680081392A /* iOS */,
				654CEED729CC9A680081392A /* .gitignore */,
				654CEED829CC9A680081392A /* tvOS */,
				654CEEDF29CC9A680081392A /* Multiplatform */,
			);
			path = Configurations;
			sourceTree = "<group>";
		};
		654CEEB129CC9A680081392A /* SPM */ = {
			isa = PBXGroup;
			children = (
				654CEEB229CC9A680081392A /* SPM Package Description.xcconfig */,
			);
			path = SPM;
			sourceTree = "<group>";
		};
		654CEEB329CC9A680081392A /* macOS */ = {
			isa = PBXGroup;
			children = (
				654CEEB429CC9A680081392A /* macOS.xcconfig */,
				654CEEB529CC9A680081392A /* macOS Command Line Tool.xcconfig */,
				654CEEB629CC9A680081392A /* macOS UI Tests.xcconfig */,
				654CEEB729CC9A680081392A /* macOS Static Library.xcconfig */,
				654CEEB829CC9A680081392A /* macOS Application.xcconfig */,
				654CEEB929CC9A680081392A /* macOS Tests.xcconfig */,
				654CEEBA29CC9A680081392A /* macOS Framework.xcconfig */,
				654CEEBB29CC9A680081392A /* macOS Extension.xcconfig */,
			);
			path = macOS;
			sourceTree = "<group>";
		};
		654CEEBC29CC9A680081392A /* watchOS */ = {
			isa = PBXGroup;
			children = (
				654CEEBD29CC9A680081392A /* watchOS Extension.xcconfig */,
				654CEEBE29CC9A680081392A /* watchOS Application.xcconfig */,
				654CEEBF29CC9A680081392A /* watchOS Framework.xcconfig */,
				654CEEC029CC9A680081392A /* watchOS.xcconfig */,
			);
			path = watchOS;
			sourceTree = "<group>";
		};
		654CEEC329CC9A680081392A /* Shared */ = {
			isa = PBXGroup;
			children = (
				654CEEC429CC9A680081392A /* Shared Tests.xcconfig */,
				654CEEC529CC9A680081392A /* Shared Static Library.xcconfig */,
				654CEEC629CC9A680081392A /* Shared.xcconfig */,
				654CEEC729CC9A680081392A /* Shared Tests.plist */,
				654CEEC829CC9A680081392A /* Shared Framework.xcconfig */,
				654CEEC929CC9A680081392A /* Shared Application.xcconfig */,
				654CEECA29CC9A680081392A /* Shared Framework.plist */,
				654CEECB29CC9A680081392A /* Shared UI Tests.xcconfig */,
				654CEECC29CC9A680081392A /* Shared Extension.xcconfig */,
			);
			path = Shared;
			sourceTree = "<group>";
		};
		654CEECD29CC9A680081392A /* iOS */ = {
			isa = PBXGroup;
			children = (
				654CEECE29CC9A680081392A /* iOS UI Tests.xcconfig */,
				654CEECF29CC9A680081392A /* iOS Static Library.xcconfig */,
				654CEED029CC9A680081392A /* iOS Extension.xcconfig */,
				654CEED129CC9A680081392A /* iOS Application.xcconfig */,
				654CEED229CC9A680081392A /* iOS Tests.xcconfig */,
				654CEED329CC9A680081392A /* iOS.xcconfig */,
				654CEED429CC9A680081392A /* iOS Application.plist */,
				654CEED529CC9A680081392A /* iOS Framework.xcconfig */,
				654CEED629CC9A680081392A /* iOS Bundle.xcconfig */,
			);
			path = iOS;
			sourceTree = "<group>";
		};
		654CEED829CC9A680081392A /* tvOS */ = {
			isa = PBXGroup;
			children = (
				654CEED929CC9A680081392A /* tvOS Application.xcconfig */,
				654CEEDA29CC9A680081392A /* tvOS Framework.xcconfig */,
				654CEEDB29CC9A680081392A /* tvOS.xcconfig */,
				654CEEDC29CC9A680081392A /* tvOS Extension.xcconfig */,
				654CEEDD29CC9A680081392A /* tvOS UI Tests.xcconfig */,
				654CEEDE29CC9A680081392A /* tvOS Tests.xcconfig */,
			);
			path = tvOS;
			sourceTree = "<group>";
		};
		654CEEDF29CC9A680081392A /* Multiplatform */ = {
			isa = PBXGroup;
			children = (
				654CEEE229CC9CBF0081392A /* Infoplist.xcconfig */,
				654CEEE029CC9A680081392A /* Multiplatform.xcconfig */,
				654CEEE129CC9A680081392A /* Multiplatform Application.xcconfig */,
			);
			path = Multiplatform;
			sourceTree = "<group>";
		};
		6571DB2C29CC96FC00CB6BB9 = {
			isa = PBXGroup;
			children = (
				654CEEAF29CC9A680081392A /* Configurations */,
				6571DB3729CC96FC00CB6BB9 /* xXxprojectxXx */,
				6571DB3629CC96FC00CB6BB9 /* Products */,
			);
			sourceTree = "<group>";
		};
		6571DB3629CC96FC00CB6BB9 /* Products */ = {
			isa = PBXGroup;
			children = (
				6571DB3529CC96FC00CB6BB9 /* xXxprojectxXx.app */,
			);
			name = Products;
			sourceTree = "<group>";
		};
		6571DB3729CC96FC00CB6BB9 /* xXxprojectxXx */ = {
			isa = PBXGroup;
			children = (
				6571DB3829CC96FC00CB6BB9 /* xXxprojectxXxApp.swift */,
				6571DB3A29CC96FC00CB6BB9 /* ContentView.swift */,
				6571DB3C29CC96FD00CB6BB9 /* Assets.xcassets */,
				6571DB3E29CC96FD00CB6BB9 /* xXxprojectxXx.entitlements */,
				6571DB3F29CC96FD00CB6BB9 /* Preview Content */,
			);
			path = xXxprojectxXx;
			sourceTree = "<group>";
		};
		6571DB3F29CC96FD00CB6BB9 /* Preview Content */ = {
			isa = PBXGroup;
			children = (
				6571DB4029CC96FD00CB6BB9 /* Preview Assets.xcassets */,
			);
			path = "Preview Content";
			sourceTree = "<group>";
		};
/* End PBXGroup section */

/* Begin PBXNativeTarget section */
		6571DB3429CC96FC00CB6BB9 /* xXxprojectxXx */ = {
			isa = PBXNativeTarget;
			buildConfigurationList = 6571DB4429CC96FD00CB6BB9 /* Build configuration list for PBXNativeTarget "xXxprojectxXx" */;
			buildPhases = (
				6571DB3129CC96FC00CB6BB9 /* Sources */,
				6571DB3229CC96FC00CB6BB9 /* Frameworks */,
				6571DB3329CC96FC00CB6BB9 /* Resources */,
			);
			buildRules = (
			);
			dependencies = (
			);
			name = xXxprojectxXx;
			productName = xXxprojectxXx;
			productReference = 6571DB3529CC96FC00CB6BB9 /* xXxprojectxXx.app */;
			productType = "com.apple.product-type.application";
		};
/* End PBXNativeTarget section */

/* Begin PBXProject section */
		6571DB2D29CC96FC00CB6BB9 /* Project object */ = {
			isa = PBXProject;
			attributes = {
				BuildIndependentTargetsInParallel = 1;
				LastSwiftUpdateCheck = 1420;
				LastUpgradeCheck = 1420;
				TargetAttributes = {
					6571DB3429CC96FC00CB6BB9 = {
						CreatedOnToolsVersion = 14.2;
					};
				};
			};
			buildConfigurationList = 6571DB3029CC96FC00CB6BB9 /* Build configuration list for PBXProject "xXxprojectxXx" */;
			compatibilityVersion = "Xcode 14.0";
			developmentRegion = en;
			hasScannedForEncodings = 0;
			knownRegions = (
				en,
				Base,
			);
			mainGroup = 6571DB2C29CC96FC00CB6BB9;
			productRefGroup = 6571DB3629CC96FC00CB6BB9 /* Products */;
			projectDirPath = "";
			projectRoot = "";
			targets = (
				6571DB3429CC96FC00CB6BB9 /* xXxprojectxXx */,
			);
		};
/* End PBXProject section */

/* Begin PBXResourcesBuildPhase section */
		6571DB3329CC96FC00CB6BB9 /* Resources */ = {
			isa = PBXResourcesBuildPhase;
			buildActionMask = 2147483647;
			files = (
				654CEEE329CC9CBF0081392A /* Infoplist.xcconfig in Resources */,
				6571DB4129CC96FD00CB6BB9 /* Preview Assets.xcassets in Resources */,
				6571DB3D29CC96FD00CB6BB9 /* Assets.xcassets in Resources */,
			);
			runOnlyForDeploymentPostprocessing = 0;
		};
/* End PBXResourcesBuildPhase section */

/* Begin PBXSourcesBuildPhase section */
		6571DB3129CC96FC00CB6BB9 /* Sources */ = {
			isa = PBXSourcesBuildPhase;
			buildActionMask = 2147483647;
			files = (
				6571DB3B29CC96FC00CB6BB9 /* ContentView.swift in Sources */,
				6571DB3929CC96FC00CB6BB9 /* xXxprojectxXxApp.swift in Sources */,
			);
			runOnlyForDeploymentPostprocessing = 0;
		};
/* End PBXSourcesBuildPhase section */

/* Begin XCBuildConfiguration section */
		6571DB4229CC96FD00CB6BB9 /* Debug */ = {
			isa = XCBuildConfiguration;
			baseConfigurationReference = 654CEEC129CC9A680081392A /* Debug.xcconfig */;
			buildSettings = {
				DEVELOPMENT_TEAM = B2M757K4LG;
				IPHONEOS_DEPLOYMENT_TARGET = 16.0;
				MACOSX_DEPLOYMENT_TARGET = 13.0;
				MARKETING_VERSION = 1.0;
				PRODUCT_BUNDLE_IDENTIFIER = "uk.co.danieltull.$(PROJECT_NAME:rfc1034identifier)";
				PRODUCT_NAME = "$(TARGET_NAME)";
				SWIFT_VERSION = 5.0;
			};
			name = Debug;
		};
		6571DB4329CC96FD00CB6BB9 /* Release */ = {
			isa = XCBuildConfiguration;
			baseConfigurationReference = 654CEEC229CC9A680081392A /* Release.xcconfig */;
			buildSettings = {
				DEVELOPMENT_TEAM = B2M757K4LG;
				IPHONEOS_DEPLOYMENT_TARGET = 16.0;
				MACOSX_DEPLOYMENT_TARGET = 13.0;
				MARKETING_VERSION = 1.0;
				PRODUCT_BUNDLE_IDENTIFIER = "uk.co.danieltull.$(PROJECT_NAME:rfc1034identifier)";
				PRODUCT_NAME = "$(TARGET_NAME)";
				SWIFT_VERSION = 5.0;
			};
			name = Release;
		};
		6571DB4529CC96FD00CB6BB9 /* Debug */ = {
			isa = XCBuildConfiguration;
			baseConfigurationReference = 654CEEE129CC9A680081392A /* Multiplatform Application.xcconfig */;
			buildSettings = {
				CODE_SIGN_ENTITLEMENTS = xXxprojectxXx/xXxprojectxXx.entitlements;
				DEVELOPMENT_ASSET_PATHS = "\"xXxprojectxXx/Preview Content\"";
			};
			name = Debug;
		};
		6571DB4629CC96FD00CB6BB9 /* Release */ = {
			isa = XCBuildConfiguration;
			baseConfigurationReference = 654CEEE129CC9A680081392A /* Multiplatform Application.xcconfig */;
			buildSettings = {
				CODE_SIGN_ENTITLEMENTS = xXxprojectxXx/xXxprojectxXx.entitlements;
				DEVELOPMENT_ASSET_PATHS = "\"xXxprojectxXx/Preview Content\"";
			};
			name = Release;
		};
/* End XCBuildConfiguration section */

/* Begin XCConfigurationList section */
		6571DB3029CC96FC00CB6BB9 /* Build configuration list for PBXProject "xXxprojectxXx" */ = {
			isa = XCConfigurationList;
			buildConfigurations = (
				6571DB4229CC96FD00CB6BB9 /* Debug */,
				6571DB4329CC96FD00CB6BB9 /* Release */,
			);
			defaultConfigurationIsVisible = 0;
			defaultConfigurationName = Release;
		};
		6571DB4429CC96FD00CB6BB9 /* Build configuration list for PBXNativeTarget "xXxprojectxXx" */ = {
			isa = XCConfigurationList;
			buildConfigurations = (
				6571DB4529CC96FD00CB6BB9 /* Debug */,
				6571DB4629CC96FD00CB6BB9 /* Release */,
			);
			defaultConfigurationIsVisible = 0;
			defaultConfigurationName = Release;
		};
/* End XCConfigurationList section */
	};
	rootObject = 6571DB2D29CC96FC00CB6BB9 /* Project object */;
}
